lockfileVersion: '9.0'

settings:
  autoInstallPeers: false
  excludeLinksFromLockfile: false

catalogs:
  default:
    '@types/node':
      specifier: ^25.3.3
      version: 25.3.5
    vite:
      specifier: ^7.3.2
      version: 7.3.2

overrides:
  esbuild>@esbuild/darwin-arm64: '-'
  esbuild>@esbuild/darwin-x64: '-'
  esbuild>@esbuild/freebsd-arm64: '-'
  esbuild>@esbuild/freebsd-x64: '-'
  esbuild>@esbuild/linux-arm: '-'
  esbuild>@esbuild/linux-arm64: '-'
  esbuild>@esbuild/linux-ia32: '-'
  esbuild>@esbuild/linux-loong64: '-'
  esbuild>@esbuild/linux-mips64el: '-'
  esbuild>@esbuild/linux-ppc64: '-'
  esbuild>@esbuild/linux-riscv64: '-'
  esbuild>@esbuild/linux-s390x: '-'
  esbuild>@esbuild/netbsd-arm64: '-'
  esbuild>@esbuild/netbsd-x64: '-'
  esbuild>@esbuild/openbsd-arm64: '-'
  esbuild>@esbuild/openbsd-x64: '-'
  esbuild>@esbuild/sunos-x64: '-'
  esbuild>@esbuild/win32-arm64: '-'
  esbuild>@esbuild/win32-ia32: '-'
  esbuild>@esbuild/win32-x64: '-'
  esbuild>@esbuild/aix-ppc64: '-'
  esbuild>@esbuild/android-arm: '-'
  esbuild>@esbuild/android-arm64: '-'
  esbuild>@esbuild/android-x64: '-'
  rollup>@rollup/rollup-android-arm-eabi: '-'
  rollup>@rollup/rollup-android-arm64: '-'
  rollup>@rollup/rollup-darwin-arm64: '-'
  rollup>@rollup/rollup-darwin-x64: '-'
  rollup>@rollup/rollup-freebsd-arm64: '-'
  rollup>@rollup/rollup-freebsd-x64: '-'
  rollup>@rollup/rollup-linux-arm-gnueabihf: '-'
  rollup>@rollup/rollup-linux-arm-musleabihf: '-'
  rollup>@rollup/rollup-linux-arm64-gnu: '-'
  rollup>@rollup/rollup-linux-arm64-musl: '-'
  rollup>@rollup/rollup-linux-loong64-gnu: '-'
  rollup>@rollup/rollup-linux-loong64-musl: '-'
  rollup>@rollup/rollup-linux-ppc64-gnu: '-'
  rollup>@rollup/rollup-linux-ppc64-musl: '-'
  rollup>@rollup/rollup-linux-riscv64-gnu: '-'
  rollup>@rollup/rollup-linux-riscv64-musl: '-'
  rollup>@rollup/rollup-linux-s390x-gnu: '-'
  rollup>@rollup/rollup-linux-x64-musl: '-'
  rollup>@rollup/rollup-openbsd-x64: '-'
  rollup>@rollup/rollup-win32-arm64-msvc: '-'
  rollup>@rollup/rollup-win32-ia32-msvc: '-'
  rollup>@rollup/rollup-win32-x64-gnu: '-'
  rollup>@rollup/rollup-win32-x64-msvc: '-'
  esbuild: 0.27.3
  picomatch: '>=4.0.4'
  postcss: '>=8.5.10'

importers:

  .: {}

  artifacts/xkcd-now:
    devDependencies:
      '@types/node':
        specifier: 'catalog:'
        version: 25.3.5
      vite:
        specifier: 'catalog:'
        version: 7.3.2(@types/node@25.3.5)

packages:

  '@esbuild/linux-x64@0.27.3':
    resolution: {integrity: sha512-Czi8yzXUWIQYAtL/2y6vogER8pvcsOsk5cpwL4Gk5nJqH5UZiVByIY8Eorm5R13gq+DQKYg0+JyQoytLQas4dA==}
    engines: {node: '>=18'}
    cpu: [x64]
    os: [linux]

  '@esbuild/openharmony-arm64@0.27.3':
    resolution: {integrity: sha512-NinAEgr/etERPTsZJ7aEZQvvg/A6IsZG/LgZy+81wON2huV7SrK3e63dU0XhyZP4RKGyTm7aOgmQk0bGp0fy2g==}
    engines: {node: '>=18'}
    cpu: [arm64]
    os: [openharmony]

  '@rollup/rollup-linux-x64-gnu@4.59.0':
    resolution: {integrity: sha512-3AHmtQq/ppNuUspKAlvA8HtLybkDflkMuLK4DPo77DfthRb71V84/c4MlWJXixZz4uruIH4uaa07IqoAkG64fg==}
    cpu: [x64]
    os: [linux]
    libc: [glibc]

  '@rollup/rollup-openharmony-arm64@4.59.0':
    resolution: {integrity: sha512-tt9KBJqaqp5i5HUZzoafHZX8b5Q2Fe7UjYERADll83O4fGqJ49O1FsL6LpdzVFQcpwvnyd0i+K/VSwu/o/nWlA==}
    cpu: [arm64]
    os: [openharmony]

  '@types/estree@1.0.8':
    resolution: {integrity: sha512-dWHzHa2WqEXI/O1E9OjrocMTKJl2mSrEolh1Iomrv6U+JuNwaHXsXx9bLu5gG7BUWFIN0skIQJQ/L1rIex4X6w==}

  '@types/node@25.3.5':
    resolution: {integrity: sha512-oX8xrhvpiyRCQkG1MFchB09f+cXftgIXb3a7UUa4Y3wpmZPw5tyZGTLWhlESOLq1Rq6oDlc8npVU2/9xiCuXMA==}

  esbuild@0.27.3:
    resolution: {integrity: sha512-8VwMnyGCONIs6cWue2IdpHxHnAjzxnw2Zr7MkVxB2vjmQ2ivqGFb4LEG3SMnv0Gb2F/G/2yA8zUaiL1gywDCCg==}
    engines: {node: '>=18'}
    hasBin: true

  fdir@6.5.0:
    resolution: {integrity: sha512-tIbYtZbucOs0BRGqPJkshJUYdL+SDH7dVM8gjy+ERp3WAUjLEFJE+02kanyHtwjWOnwrKYBiwAmM0p4kLJAnXg==}
    engines: {node: '>=12.0.0'}
    peerDependencies:
      picomatch: '>=4.0.4'
    peerDependenciesMeta:
      picomatch:
        optional: true

  fsevents@2.3.3:
    resolution: {integrity: sha512-5xoDfX+fL7faATnagmWPpbFtwh/R77WmMMqqHGS65C3vvB0YHrgF+B1YmZ3441tMj5n63k0212XNoJwzlhffQw==}
    engines: {node: ^8.16.0 || ^10.6.0 || >=11.0.0}
    os: [darwin]

  nanoid@3.3.11:
    resolution: {integrity: sha512-N8SpfPUnUp1bK+PMYW8qSWdl9U+wwNWI4QKxOYDy9JAro3WMX7p2OeVRF9v+347pnakNevPmiHhNmZ2HbFA76w==}
    engines: {node: ^10 || ^12 || ^13.7 || ^14 || >=15.0.1}
    hasBin: true

  picocolors@1.1.1:
    resolution: {integrity: sha512-xceH2snhtb5M9liqDsmEw56le376mTZkEX/jEb/RxNFyegNul7eNslCXP9FDj/Lcu0X8KEyMceP2ntpaHrDEVA==}

  picomatch@4.0.4:
    resolution: {integrity: sha512-QP88BAKvMam/3NxH6vj2o21R6MjxZUAd6nlwAS/pnGvN9IVLocLHxGYIzFhg6fUQ+5th6P4dv4eW9jX3DSIj7A==}
    engines: {node: '>=12'}

  postcss@8.5.13:
    resolution: {integrity: sha512-qif0+jGGZoLWdHey3UFHHWP0H7Gbmsk8T5VEqyYFbWqPr1XqvLGBbk/sl8V5exGmcYJklJOhOQq1pV9IcsiFag==}
    engines: {node: ^10 || ^12 || >=14}

  rollup@4.59.0:
    resolution: {integrity: sha512-2oMpl67a3zCH9H79LeMcbDhXW/UmWG/y2zuqnF2jQq5uq9TbM9TVyXvA4+t+ne2IIkBdrLpAaRQAvo7YI/Yyeg==}
    engines: {node: '>=18.0.0', npm: '>=8.0.0'}
    hasBin: true

  source-map-js@1.2.1:
    resolution: {integrity: sha512-UXWMKhLOwVKb728IUtQPXxfYU+usdybtUrK/8uGE8CQMvrhOpwvzDBwj0QhSL7MQc7vIsISBG8VQ8+IDQxpfQA==}
    engines: {node: '>=0.10.0'}

  tinyglobby@0.2.15:
    resolution: {integrity: sha512-j2Zq4NyQYG5XMST4cbs02Ak8iJUdxRM0XI5QyxXuZOzKOINmWurp3smXu3y5wDcJrptwpSjgXHzIQxR0omXljQ==}
    engines: {node: '>=12.0.0'}

  undici-types@7.18.2:
    resolution: {integrity: sha512-AsuCzffGHJybSaRrmr5eHr81mwJU3kjw6M+uprWvCXiNeN9SOGwQ3Jn8jb8m3Z6izVgknn1R0FTCEAP2QrLY/w==}

  vite@7.3.2:
    resolution: {integrity: sha512-Bby3NOsna2jsjfLVOHKes8sGwgl4TT0E6vvpYgnAYDIF/tie7MRaFthmKuHx1NSXjiTueXH3do80FMQgvEktRg==}
    engines: {node: ^20.19.0 || >=22.12.0}
    hasBin: true
    peerDependencies:
      '@types/node': ^20.19.0 || >=22.12.0
      jiti: '>=1.21.0'
      less: ^4.0.0
      lightningcss: ^1.21.0
      sass: ^1.70.0
      sass-embedded: ^1.70.0
      stylus: '>=0.54.8'
      sugarss: ^5.0.0
      terser: ^5.16.0
      tsx: ^4.8.1
      yaml: ^2.4.2
    peerDependenciesMeta:
      '@types/node':
        optional: true
      jiti:
        optional: true
      less:
        optional: true
      lightningcss:
        optional: true
      sass:
        optional: true
      sass-embedded:
        optional: true
      stylus:
        optional: true
      sugarss:
        optional: true
      terser:
        optional: true
      tsx:
        optional: true
      yaml:
        optional: true

snapshots:

  '@esbuild/linux-x64@0.27.3':
    optional: true

  '@esbuild/openharmony-arm64@0.27.3':
    optional: true

  '@rollup/rollup-linux-x64-gnu@4.59.0':
    optional: true

  '@rollup/rollup-openharmony-arm64@4.59.0':
    optional: true

  '@types/estree@1.0.8': {}

  '@types/node@25.3.5':
    dependencies:
      undici-types: 7.18.2

  esbuild@0.27.3:
    optionalDependencies:
      '@esbuild/linux-x64': 0.27.3
      '@esbuild/openharmony-arm64': 0.27.3

  fdir@6.5.0(picomatch@4.0.4):
    optionalDependencies:
      picomatch: 4.0.4

  fsevents@2.3.3:
    optional: true

  nanoid@3.3.11: {}

  picocolors@1.1.1: {}

  picomatch@4.0.4: {}

  postcss@8.5.13:
    dependencies:
      nanoid: 3.3.11
      picocolors: 1.1.1
      source-map-js: 1.2.1

  rollup@4.59.0:
    dependencies:
      '@types/estree': 1.0.8
    optionalDependencies:
      '@rollup/rollup-linux-x64-gnu': 4.59.0
      '@rollup/rollup-openharmony-arm64': 4.59.0
      fsevents: 2.3.3

  source-map-js@1.2.1: {}

  tinyglobby@0.2.15:
    dependencies:
      fdir: 6.5.0(picomatch@4.0.4)
      picomatch: 4.0.4

  undici-types@7.18.2: {}

  vite@7.3.2(@types/node@25.3.5):
    dependencies:
      esbuild: 0.27.3
      fdir: 6.5.0(picomatch@4.0.4)
      picomatch: 4.0.4
      postcss: 8.5.13
      rollup: 4.59.0
      tinyglobby: 0.2.15
    optionalDependencies:
      '@types/node': 25.3.5
      fsevents: 2.3.3
